{
  "name": "combine-website",
  "lockfileVersion": 3,
  "requires": true,
  "packages": {
    "": {
      "dependencies": {
        "microbit-web-bluetooth": "^0.7.0"
      }
    },
    "node_modules/@types/node": {
      "version": "20.16.11",
      "resolved": "https://registry.npmjs.org/@types/node/-/node-20.16.11.tgz",
      "integrity": "sha512-y+cTCACu92FyA5fgQSAI8A1H429g7aSK2HsO7K4XYUWc4dY5IUz55JSDIYT6/VsOLfGy8vmvQYC2hfb0iF16Uw==",
      "dependencies": {
        "undici-types": "~6.19.2"
      }
    },
    "node_modules/@types/web-bluetooth": {
      "version": "0.0.20",
      "resolved": "https://registry.npmjs.org/@types/web-bluetooth/-/web-bluetooth-0.0.20.tgz",
      "integrity": "sha512-g9gZnnXVq7gM7v3tJCWV/qw7w+KeOlSHAhgF9RytFyifW6AF61hdT2ucrYhPq9hLs5JIryeupHV3qGk95dH9ow=="
    },
    "node_modules/microbit-web-bluetooth": {
      "version": "0.7.0",
      "resolved": "https://registry.npmjs.org/microbit-web-bluetooth/-/microbit-web-bluetooth-0.7.0.tgz",
      "integrity": "sha512-CvJnQZJb/QOQfpNHiMRrLP+Djtodn5kmHKMn0OhbwYWXpFwcSIOzbyK5Jfdv8xnqFG7n4YUtOJtR0WdE3ql6cQ==",
      "dependencies": {
        "@types/node": "^20.12.12",
        "@types/web-bluetooth": "^0.0.20"
      },
      "engines": {
        "node": ">=10.16.0"
      }
    },
    "node_modules/undici-types": {
      "version": "6.19.8",
      "resolved": "https://registry.npmjs.org/undici-types/-/undici-types-6.19.8.tgz",
      "integrity": "sha512-ve2KP6f/JnbPBFyobGHuerC9g1FYGn/F8n1LWTwNxCEzd6IfqTwUQcNXgEtmmQ6DlRrC1hrSrBnCZPokRrDHjw=="
    }
  }
}
